
Microsoft Visual Studio Solution File, Format Version 12.00
# Visual Studio 15
VisualStudioVersion = 15.0.28010.0
MinimumVisualStudioVersion = 10.0.40219.1
Project("{FAE04EC0-301F-11D3-BF4B-00C04F79EFBC}") = "FFmpegDemo", "FFmpegDemo\FFmpegDemo.csproj", "{AE17DC25-1A45-4D7F-9C4A-E1AE3FCC4DD3}"
EndProject
Global
	GlobalSection(SolutionConfigurationPlatforms) = preSolution
		Debug|Any CPU = Debug|Any CPU
		Debug|x64 = Debug|x64
		Debug|x86 = Debug|x86
		Release|Any CPU = Release|Any CPU
		Release|x64 = Release|x64
		Release|x86 = Release|x86
	EndGlobalSection
	GlobalSection(ProjectConfigurationPlatforms) = postSolution
		{AE17DC25-1A45-4D7F-9C4A-E1AE3FCC4DD3}.Debug|Any CPU.ActiveCfg = Debug|Any CPU
		{AE17DC25-1A45-4D7F-9C4A-E1AE3FCC4DD3}.Debug|Any CPU.Build.0 = Debug|Any CPU
		{AE17DC25-1A45-4D7F-9C4A-E1AE3FCC4DD3}.Debug|x64.ActiveCfg = Debug|Any CPU
		{AE17DC25-1A45-4D7F-9C4A-E1AE3FCC4DD3}.Debug|x64.Build.0 = Debug|Any CPU
		{AE17DC25-1A45-4D7F-9C4A-E1AE3FCC4DD3}.Debug|x86.ActiveCfg = Debug|Any CPU
		{AE17DC25-1A45-4D7F-9C4A-E1AE3FCC4DD3}.Debug|x86.Build.0 = Debug|Any CPU
		{AE17DC25-1A45-4D7F-9C4A-E1AE3FCC4DD3}.Release|Any CPU.ActiveCfg = Release|Any CPU
		{AE17DC25-1A45-4D7F-9C4A-E1AE3FCC4DD3}.Release|Any CPU.Build.0 = Release|Any CPU
		{AE17DC25-1A45-4D7F-9C4A-E1AE3FCC4DD3}.Release|x64.ActiveCfg = Release|Any CPU
		{AE17DC25-1A45-4D7F-9C4A-E1AE3FCC4DD3}.Release|x64.Build.0 = Release|Any CPU
		{AE17DC25-1A45-4D7F-9C4A-E1AE3FCC4DD3}.Release|x86.ActiveCfg = Release|Any CPU
		{AE17DC25-1A45-4D7F-9C4A-E1AE3FCC4DD3}.Release|x86.Build.0 = Release|Any CPU
	EndGlobalSection
	GlobalSection(SolutionProperties) = preSolution
		HideSolutionNode = FALSE
	EndGlobalSection
	GlobalSection(ExtensibilityGlobals) = postSolution
		SolutionGuid = {07CE2999-F03C-4DC4-BD0C-8E8290DCC54A}
	EndGlobalSection
EndGlobal
